
Microsoft Visual Studio Solution File, Format Version 12.00
# Visual Studio 14
VisualStudioVersion = 14.0.25420.1
MinimumVisualStudioVersion = 10.0.40219.1
Project("{FAE04EC0-301F-11D3-BF4B-00C04F79EFBC}") = "FactomLibrary", "FactomLibrary\FactomLibrary.csproj", "{A710B621-5FC6-47CE-A067-F7FD12079BCC}"
EndProject
Project("{FAE04EC0-301F-11D3-BF4B-00C04F79EFBC}") = "TestLibrary", "TestLibrary\TestLibrary.csproj", "{F8915E5D-43EF-4934-82E7-8AD1703C2D9F}"
EndProject
Global
	GlobalSection(SolutionConfigurationPlatforms) = preSolution
		Debug|Any CPU = Debug|Any CPU
		Release|Any CPU = Release|Any CPU
	EndGlobalSection
	GlobalSection(ProjectConfigurationPlatforms) = postSolution
		{A710B621-5FC6-47CE-A067-F7FD12079BCC}.Debug|Any CPU.ActiveCfg = Debug|Any CPU
		{A710B621-5FC6-47CE-A067-F7FD12079BCC}.Debug|Any CPU.Build.0 = Debug|Any CPU
		{A710B621-5FC6-47CE-A067-F7FD12079BCC}.Release|Any CPU.ActiveCfg = Release|Any CPU
		{A710B621-5FC6-47CE-A067-F7FD12079BCC}.Release|Any CPU.Build.0 = Release|Any CPU
		{F8915E5D-43EF-4934-82E7-8AD1703C2D9F}.Debug|Any CPU.ActiveCfg = Debug|Any CPU
		{F8915E5D-43EF-4934-82E7-8AD1703C2D9F}.Debug|Any CPU.Build.0 = Debug|Any CPU
		{F8915E5D-43EF-4934-82E7-8AD1703C2D9F}.Release|Any CPU.ActiveCfg = Release|Any CPU
		{F8915E5D-43EF-4934-82E7-8AD1703C2D9F}.Release|Any CPU.Build.0 = Release|Any CPU
	EndGlobalSection
	GlobalSection(SolutionProperties) = preSolution
		HideSolutionNode = FALSE
	EndGlobalSection
EndGlobal
